
Microsoft Visual Studio Solution File, Format Version 12.00
# Visual Studio 2013
VisualStudioVersion = 12.0.30501.0
MinimumVisualStudioVersion = 10.0.40219.1
Project("{2150E333-8FDC-42A3-9474-1A3956D46DE8}") = "Plugins", "Plugins", "{9106E7DD-D68E-4660-9FD7-4C91C0C91A3F}"
EndProject
Project("{FAE04EC0-301F-11D3-BF4B-00C04F79EFBC}") = "Core", "Core\Core.csproj", "{A6BBC1FF-5EAF-4690-BDE5-B26CB3947213}"
EndProject
Project("{2150E333-8FDC-42A3-9474-1A3956D46DE8}") = "Solution Items", "Solution Items", "{881C3064-4DFD-4E45-8298-D60ABCEB194E}"
	ProjectSection(SolutionItems) = preProject
		Icon.ico = Icon.ico
	EndProjectSection
EndProject
Project("{FAE04EC0-301F-11D3-BF4B-00C04F79EFBC}") = "NCubeSolver.Screensaver", "NCubeSolver.Screensaver\NCubeSolver.Screensaver.csproj", "{387FE5E3-1E1A-47D8-A407-841BF1265C5B}"
EndProject
Project("{FAE04EC0-301F-11D3-BF4B-00C04F79EFBC}") = "Core.UnitTestHelpers", "Core.UnitTestHelpers\Core.UnitTestHelpers.csproj", "{49E8CBFA-7EBC-40C3-9A17-8C9E450E7DF8}"
EndProject
Project("{2150E333-8FDC-42A3-9474-1A3956D46DE8}") = "Tests", "Tests", "{1840C707-1EB2-4DEA-BF1D-5D72E3DFBF0F}"
EndProject
Project("{FAE04EC0-301F-11D3-BF4B-00C04F79EFBC}") = "Core.UnitTests", "Core.Tests\Core.UnitTests.csproj", "{C690EFC9-C2DB-4C69-8BDE-4CE1D751FF8E}"
EndProject
Project("{FAE04EC0-301F-11D3-BF4B-00C04F79EFBC}") = "NCubeSolver.Runner", "NCubeSolver.Runner\NCubeSolver.Runner.csproj", "{980A90C1-4F6E-42E2-93DC-21AE078AFD33}"
	ProjectSection(ProjectDependencies) = postProject
		{2058E004-867A-4DB4-BF2F-911AF3043082} = {2058E004-867A-4DB4-BF2F-911AF3043082}
		{693F573A-5BDD-458E-A3D1-9FA3E81FAC2D} = {693F573A-5BDD-458E-A3D1-9FA3E81FAC2D}
		{387EF864-2A42-4E39-8D1E-49799D881DFF} = {387EF864-2A42-4E39-8D1E-49799D881DFF}
		{5BE72DC6-7161-4044-9943-EDC1D66E0F0D} = {5BE72DC6-7161-4044-9943-EDC1D66E0F0D}
	EndProjectSection
EndProject
Project("{2150E333-8FDC-42A3-9474-1A3956D46DE8}") = "Plugins", "Plugins", "{D1C747EF-C93C-4427-9B17-EB1ED5DE62C3}"
EndProject
Project("{FAE04EC0-301F-11D3-BF4B-00C04F79EFBC}") = "Plugin.Celebrators", "Plugins\Plugin.Celebrators\Plugin.Celebrators.csproj", "{2058E004-867A-4DB4-BF2F-911AF3043082}"
EndProject
Project("{FAE04EC0-301F-11D3-BF4B-00C04F79EFBC}") = "Plugin.ConfigurationGenerator", "Plugins\Plugin.ConfigurarionGenerators\Plugin.ConfigurationGenerator.csproj", "{387EF864-2A42-4E39-8D1E-49799D881DFF}"
EndProject
Project("{FAE04EC0-301F-11D3-BF4B-00C04F79EFBC}") = "Plugin.Display.OpenGL", "Plugins\Plugin.Display.OpenGL\Plugin.Display.OpenGL.csproj", "{5BE72DC6-7161-4044-9943-EDC1D66E0F0D}"
EndProject
Project("{FAE04EC0-301F-11D3-BF4B-00C04F79EFBC}") = "Plugin.Solvers", "Plugins\Plugin.Solvers\Plugin.Solvers.csproj", "{693F573A-5BDD-458E-A3D1-9FA3E81FAC2D}"
EndProject
Project("{FAE04EC0-301F-11D3-BF4B-00C04F79EFBC}") = "Solvers.IntegrationTests", "Plugins\Plugin.Solvers.IntegrationTests\Solvers.IntegrationTests.csproj", "{7CB188CE-4C05-426A-B889-DCC41231B81A}"
EndProject
Project("{FAE04EC0-301F-11D3-BF4B-00C04F79EFBC}") = "Solvers.UnitTests", "Plugins\Plugin.Solvers.Tests\Solvers.UnitTests.csproj", "{FB149009-00F3-4003-90E9-52D5D38B3DD1}"
EndProject
Global
	GlobalSection(SolutionConfigurationPlatforms) = preSolution
		Debug|Any CPU = Debug|Any CPU
		Release|Any CPU = Release|Any CPU
	EndGlobalSection
	GlobalSection(ProjectConfigurationPlatforms) = postSolution
		{A6BBC1FF-5EAF-4690-BDE5-B26CB3947213}.Debug|Any CPU.ActiveCfg = Debug|Any CPU
		{A6BBC1FF-5EAF-4690-BDE5-B26CB3947213}.Debug|Any CPU.Build.0 = Debug|Any CPU
		{A6BBC1FF-5EAF-4690-BDE5-B26CB3947213}.Release|Any CPU.ActiveCfg = Release|Any CPU
		{A6BBC1FF-5EAF-4690-BDE5-B26CB3947213}.Release|Any CPU.Build.0 = Release|Any CPU
		{387FE5E3-1E1A-47D8-A407-841BF1265C5B}.Debug|Any CPU.ActiveCfg = Debug|Any CPU
		{387FE5E3-1E1A-47D8-A407-841BF1265C5B}.Debug|Any CPU.Build.0 = Debug|Any CPU
		{387FE5E3-1E1A-47D8-A407-841BF1265C5B}.Release|Any CPU.ActiveCfg = Release|Any CPU
		{387FE5E3-1E1A-47D8-A407-841BF1265C5B}.Release|Any CPU.Build.0 = Release|Any CPU
		{49E8CBFA-7EBC-40C3-9A17-8C9E450E7DF8}.Debug|Any CPU.ActiveCfg = Debug|Any CPU
		{49E8CBFA-7EBC-40C3-9A17-8C9E450E7DF8}.Debug|Any CPU.Build.0 = Debug|Any CPU
		{49E8CBFA-7EBC-40C3-9A17-8C9E450E7DF8}.Release|Any CPU.ActiveCfg = Release|Any CPU
		{49E8CBFA-7EBC-40C3-9A17-8C9E450E7DF8}.Release|Any CPU.Build.0 = Release|Any CPU
		{C690EFC9-C2DB-4C69-8BDE-4CE1D751FF8E}.Debug|Any CPU.ActiveCfg = Debug|Any CPU
		{C690EFC9-C2DB-4C69-8BDE-4CE1D751FF8E}.Debug|Any CPU.Build.0 = Debug|Any CPU
		{C690EFC9-C2DB-4C69-8BDE-4CE1D751FF8E}.Release|Any CPU.ActiveCfg = Release|Any CPU
		{C690EFC9-C2DB-4C69-8BDE-4CE1D751FF8E}.Release|Any CPU.Build.0 = Release|Any CPU
		{980A90C1-4F6E-42E2-93DC-21AE078AFD33}.Debug|Any CPU.ActiveCfg = Debug|Any CPU
		{980A90C1-4F6E-42E2-93DC-21AE078AFD33}.Debug|Any CPU.Build.0 = Debug|Any CPU
		{980A90C1-4F6E-42E2-93DC-21AE078AFD33}.Release|Any CPU.ActiveCfg = Release|Any CPU
		{980A90C1-4F6E-42E2-93DC-21AE078AFD33}.Release|Any CPU.Build.0 = Release|Any CPU
		{2058E004-867A-4DB4-BF2F-911AF3043082}.Debug|Any CPU.ActiveCfg = Debug|Any CPU
		{2058E004-867A-4DB4-BF2F-911AF3043082}.Debug|Any CPU.Build.0 = Debug|Any CPU
		{2058E004-867A-4DB4-BF2F-911AF3043082}.Release|Any CPU.ActiveCfg = Release|Any CPU
		{2058E004-867A-4DB4-BF2F-911AF3043082}.Release|Any CPU.Build.0 = Release|Any CPU
		{387EF864-2A42-4E39-8D1E-49799D881DFF}.Debug|Any CPU.ActiveCfg = Debug|Any CPU
		{387EF864-2A42-4E39-8D1E-49799D881DFF}.Debug|Any CPU.Build.0 = Debug|Any CPU
		{387EF864-2A42-4E39-8D1E-49799D881DFF}.Release|Any CPU.ActiveCfg = Release|Any CPU
		{387EF864-2A42-4E39-8D1E-49799D881DFF}.Release|Any CPU.Build.0 = Release|Any CPU
		{5BE72DC6-7161-4044-9943-EDC1D66E0F0D}.Debug|Any CPU.ActiveCfg = Debug|Any CPU
		{5BE72DC6-7161-4044-9943-EDC1D66E0F0D}.Debug|Any CPU.Build.0 = Debug|Any CPU
		{5BE72DC6-7161-4044-9943-EDC1D66E0F0D}.Release|Any CPU.ActiveCfg = Release|Any CPU
		{5BE72DC6-7161-4044-9943-EDC1D66E0F0D}.Release|Any CPU.Build.0 = Release|Any CPU
		{693F573A-5BDD-458E-A3D1-9FA3E81FAC2D}.Debug|Any CPU.ActiveCfg = Debug|Any CPU
		{693F573A-5BDD-458E-A3D1-9FA3E81FAC2D}.Debug|Any CPU.Build.0 = Debug|Any CPU
		{693F573A-5BDD-458E-A3D1-9FA3E81FAC2D}.Release|Any CPU.ActiveCfg = Release|Any CPU
		{693F573A-5BDD-458E-A3D1-9FA3E81FAC2D}.Release|Any CPU.Build.0 = Release|Any CPU
		{7CB188CE-4C05-426A-B889-DCC41231B81A}.Debug|Any CPU.ActiveCfg = Debug|Any CPU
		{7CB188CE-4C05-426A-B889-DCC41231B81A}.Debug|Any CPU.Build.0 = Debug|Any CPU
		{7CB188CE-4C05-426A-B889-DCC41231B81A}.Release|Any CPU.ActiveCfg = Release|Any CPU
		{7CB188CE-4C05-426A-B889-DCC41231B81A}.Release|Any CPU.Build.0 = Release|Any CPU
		{FB149009-00F3-4003-90E9-52D5D38B3DD1}.Debug|Any CPU.ActiveCfg = Debug|Any CPU
		{FB149009-00F3-4003-90E9-52D5D38B3DD1}.Debug|Any CPU.Build.0 = Debug|Any CPU
		{FB149009-00F3-4003-90E9-52D5D38B3DD1}.Release|Any CPU.ActiveCfg = Release|Any CPU
		{FB149009-00F3-4003-90E9-52D5D38B3DD1}.Release|Any CPU.Build.0 = Release|Any CPU
	EndGlobalSection
	GlobalSection(SolutionProperties) = preSolution
		HideSolutionNode = FALSE
	EndGlobalSection
	GlobalSection(NestedProjects) = preSolution
		{49E8CBFA-7EBC-40C3-9A17-8C9E450E7DF8} = {1840C707-1EB2-4DEA-BF1D-5D72E3DFBF0F}
		{C690EFC9-C2DB-4C69-8BDE-4CE1D751FF8E} = {1840C707-1EB2-4DEA-BF1D-5D72E3DFBF0F}
		{D1C747EF-C93C-4427-9B17-EB1ED5DE62C3} = {1840C707-1EB2-4DEA-BF1D-5D72E3DFBF0F}
		{2058E004-867A-4DB4-BF2F-911AF3043082} = {9106E7DD-D68E-4660-9FD7-4C91C0C91A3F}
		{387EF864-2A42-4E39-8D1E-49799D881DFF} = {9106E7DD-D68E-4660-9FD7-4C91C0C91A3F}
		{5BE72DC6-7161-4044-9943-EDC1D66E0F0D} = {9106E7DD-D68E-4660-9FD7-4C91C0C91A3F}
		{693F573A-5BDD-458E-A3D1-9FA3E81FAC2D} = {9106E7DD-D68E-4660-9FD7-4C91C0C91A3F}
		{7CB188CE-4C05-426A-B889-DCC41231B81A} = {D1C747EF-C93C-4427-9B17-EB1ED5DE62C3}
		{FB149009-00F3-4003-90E9-52D5D38B3DD1} = {D1C747EF-C93C-4427-9B17-EB1ED5DE62C3}
	EndGlobalSection
EndGlobal
